
Microsoft Visual Studio Solution File, Format Version 12.00
# Visual Studio Version 17
VisualStudioVersion = 17.2.32602.215
MinimumVisualStudioVersion = 10.0.40219.1
Project("{FAE04EC0-301F-11D3-BF4B-00C04F79EFBC}") = "DDT SeleniumWeb - Summator", "DDT SeleniumWeb - Summator\DDT SeleniumWeb - Summator.csproj", "{F8AC6754-6402-473B-BBA5-F39B2DDD143E}"
EndProject
Global
	GlobalSection(SolutionConfigurationPlatforms) = preSolution
		Debug|Any CPU = Debug|Any CPU
		Release|Any CPU = Release|Any CPU
	EndGlobalSection
	GlobalSection(ProjectConfigurationPlatforms) = postSolution
		{F8AC6754-6402-473B-BBA5-F39B2DDD143E}.Debug|Any CPU.ActiveCfg = Debug|Any CPU
		{F8AC6754-6402-473B-BBA5-F39B2DDD143E}.Debug|Any CPU.Build.0 = Debug|Any CPU
		{F8AC6754-6402-473B-BBA5-F39B2DDD143E}.Release|Any CPU.ActiveCfg = Release|Any CPU
		{F8AC6754-6402-473B-BBA5-F39B2DDD143E}.Release|Any CPU.Build.0 = Release|Any CPU
	EndGlobalSection
	GlobalSection(SolutionProperties) = preSolution
		HideSolutionNode = FALSE
	EndGlobalSection
	GlobalSection(ExtensibilityGlobals) = postSolution
		SolutionGuid = {3D4709AA-0BC0-4379-A2E9-B001FD22D464}
	EndGlobalSection
EndGlobal
